
Microsoft Visual Studio Solution File, Format Version 12.00
# Visual Studio Version 16
VisualStudioVersion = 16.0.29519.87
MinimumVisualStudioVersion = 10.0.40219.1
Project("{FAE04EC0-301F-11D3-BF4B-00C04F79EFBC}") = "EADP_Project", "EADP_Project\EADP_Project.csproj", "{72354103-8C1F-49FC-A62E-6E281452B7D2}"
EndProject
Global
	GlobalSection(SolutionConfigurationPlatforms) = preSolution
		Debug|Any CPU = Debug|Any CPU
		Release|Any CPU = Release|Any CPU
	EndGlobalSection
	GlobalSection(ProjectConfigurationPlatforms) = postSolution
		{72354103-8C1F-49FC-A62E-6E281452B7D2}.Debug|Any CPU.ActiveCfg = Debug|Any CPU
		{72354103-8C1F-49FC-A62E-6E281452B7D2}.Debug|Any CPU.Build.0 = Debug|Any CPU
		{72354103-8C1F-49FC-A62E-6E281452B7D2}.Release|Any CPU.ActiveCfg = Release|Any CPU
		{72354103-8C1F-49FC-A62E-6E281452B7D2}.Release|Any CPU.Build.0 = Release|Any CPU
	EndGlobalSection
	GlobalSection(SolutionProperties) = preSolution
		HideSolutionNode = FALSE
	EndGlobalSection
	GlobalSection(ExtensibilityGlobals) = postSolution
		SolutionGuid = {79E5AE84-0929-45E7-9FA3-4CAD0B77001E}
	EndGlobalSection
EndGlobal
